
Microsoft Visual Studio Solution File, Format Version 12.00
# Visual Studio Version 17
VisualStudioVersion = 17.8.34408.163
MinimumVisualStudioVersion = 10.0.40219.1
Project("{FAE04EC0-301F-11D3-BF4B-00C04F79EFBC}") = "Testing", "Testing\Testing.csproj", "{965F5DC6-1CB1-42F1-9D01-A92F66A45453}"
EndProject
Global
	GlobalSection(SolutionConfigurationPlatforms) = preSolution
		Debug|Any CPU = Debug|Any CPU
		Release|Any CPU = Release|Any CPU
	EndGlobalSection
	GlobalSection(ProjectConfigurationPlatforms) = postSolution
		{965F5DC6-1CB1-42F1-9D01-A92F66A45453}.Debug|Any CPU.ActiveCfg = Debug|Any CPU
		{965F5DC6-1CB1-42F1-9D01-A92F66A45453}.Debug|Any CPU.Build.0 = Debug|Any CPU
		{965F5DC6-1CB1-42F1-9D01-A92F66A45453}.Release|Any CPU.ActiveCfg = Release|Any CPU
		{965F5DC6-1CB1-42F1-9D01-A92F66A45453}.Release|Any CPU.Build.0 = Release|Any CPU
	EndGlobalSection
	GlobalSection(SolutionProperties) = preSolution
		HideSolutionNode = FALSE
	EndGlobalSection
	GlobalSection(ExtensibilityGlobals) = postSolution
		SolutionGuid = {5531531A-0D4E-4C9C-A85B-55BF8F3A1CF3}
	EndGlobalSection
EndGlobal
